// !$*UTF8*$!
{
	archiveVersion = 1;
	classes = {
	};
	objectVersion = 56;
	objects = {

/* Begin PBXBuildFile section */
		FB9AB2C32A6D0602008BFCB7 /* AvocadoApp.swift in Sources */ = {isa = PBXBuildFile; fileRef = FB9AB2C22A6D0602008BFCB7 /* AvocadoApp.swift */; };
		FB9AB2C52A6D0602008BFCB7 /* ContentView.swift in Sources */ = {isa = PBXBuildFile; fileRef = FB9AB2C42A6D0602008BFCB7 /* ContentView.swift */; };
		FB9AB2C72A6D0605008BFCB7 /* Assets.xcassets in Resources */ = {isa = PBXBuildFile; fileRef = FB9AB2C62A6D0605008BFCB7 /* Assets.xcassets */; };
		FB9AB2CA2A6D0605008BFCB7 /* Preview Assets.xcassets in Resources */ = {isa = PBXBuildFile; fileRef = FB9AB2C92A6D0605008BFCB7 /* Preview Assets.xcassets */; };
		FB9AB2D22A6D07C5008BFCB7 /* LaunchScreen.storyboard in Resources */ = {isa = PBXBuildFile; fileRef = FB9AB2D12A6D07C5008BFCB7 /* LaunchScreen.storyboard */; };
		FBA21EE92A73BB9A00CADC36 /* HeaderModel.swift in Sources */ = {isa = PBXBuildFile; fileRef = FBA21EE82A73BB9A00CADC36 /* HeaderModel.swift */; };
		FBA21EEB2A73BBDA00CADC36 /* HeaderData.swift in Sources */ = {isa = PBXBuildFile; fileRef = FBA21EEA2A73BBDA00CADC36 /* HeaderData.swift */; };
		FBA21EED2A73BFAE00CADC36 /* DishesView.swift in Sources */ = {isa = PBXBuildFile; fileRef = FBA21EEC2A73BFAE00CADC36 /* DishesView.swift */; };
		FBB0F6262A6FF8B1006CAE77 /* AvocadosView.swift in Sources */ = {isa = PBXBuildFile; fileRef = FBB0F6252A6FF8B1006CAE77 /* AvocadosView.swift */; };
		FBB0F6282A6FF932006CAE77 /* RipeningStagesView.swift in Sources */ = {isa = PBXBuildFile; fileRef = FBB0F6272A6FF932006CAE77 /* RipeningStagesView.swift */; };
		FBB0F62A2A6FFA2D006CAE77 /* SettingsView.swift in Sources */ = {isa = PBXBuildFile; fileRef = FBB0F6292A6FFA2D006CAE77 /* SettingsView.swift */; };
		FBB0F62C2A6FFA8A006CAE77 /* AppView.swift in Sources */ = {isa = PBXBuildFile; fileRef = FBB0F62B2A6FFA8A006CAE77 /* AppView.swift */; };
		FBB0F62E2A70058B006CAE77 /* HeaderView.swift in Sources */ = {isa = PBXBuildFile; fileRef = FBB0F62D2A70058B006CAE77 /* HeaderView.swift */; };
/* End PBXBuildFile section */

/* Begin PBXFileReference section */
		FB9AB2BF2A6D0602008BFCB7 /* Avocado.app */ = {isa = PBXFileReference; explicitFileType = wrapper.application; includeInIndex = 0; path = Avocado.app; sourceTree = BUILT_PRODUCTS_DIR; };
		FB9AB2C22A6D0602008BFCB7 /* AvocadoApp.swift */ = {isa = PBXFileReference; lastKnownFileType = sourcecode.swift; path = AvocadoApp.swift; sourceTree = "<group>"; };
		FB9AB2C42A6D0602008BFCB7 /* ContentView.swift */ = {isa = PBXFileReference; lastKnownFileType = sourcecode.swift; path = ContentView.swift; sourceTree = "<group>"; };
		FB9AB2C62A6D0605008BFCB7 /* Assets.xcassets */ = {isa = PBXFileReference; lastKnownFileType = folder.assetcatalog; path = Assets.xcassets; sourceTree = "<group>"; };
		FB9AB2C92A6D0605008BFCB7 /* Preview Assets.xcassets */ = {isa = PBXFileReference; lastKnownFileType = folder.assetcatalog; path = "Preview Assets.xcassets"; sourceTree = "<group>"; };
		FB9AB2D12A6D07C5008BFCB7 /* LaunchScreen.storyboard */ = {isa = PBXFileReference; lastKnownFileType = file.storyboard; path = LaunchScreen.storyboard; sourceTree = "<group>"; };
		FBA21EE82A73BB9A00CADC36 /* HeaderModel.swift */ = {isa = PBXFileReference; lastKnownFileType = sourcecode.swift; path = HeaderModel.swift; sourceTree = "<group>"; };
		FBA21EEA2A73BBDA00CADC36 /* HeaderData.swift */ = {isa = PBXFileReference; lastKnownFileType = sourcecode.swift; path = HeaderData.swift; sourceTree = "<group>"; };
		FBA21EEC2A73BFAE00CADC36 /* DishesView.swift */ = {isa = PBXFileReference; lastKnownFileType = sourcecode.swift; path = DishesView.swift; sourceTree = "<group>"; };
		FBB0F6252A6FF8B1006CAE77 /* AvocadosView.swift */ = {isa = PBXFileReference; lastKnownFileType = sourcecode.swift; path = AvocadosView.swift; sourceTree = "<group>"; };
		FBB0F6272A6FF932006CAE77 /* RipeningStagesView.swift */ = {isa = PBXFileReference; lastKnownFileType = sourcecode.swift; path = RipeningStagesView.swift; sourceTree = "<group>"; };
		FBB0F6292A6FFA2D006CAE77 /* SettingsView.swift */ = {isa = PBXFileReference; lastKnownFileType = sourcecode.swift; path = SettingsView.swift; sourceTree = "<group>"; };
		FBB0F62B2A6FFA8A006CAE77 /* AppView.swift */ = {isa = PBXFileReference; lastKnownFileType = sourcecode.swift; path = AppView.swift; sourceTree = "<group>"; };
		FBB0F62D2A70058B006CAE77 /* HeaderView.swift */ = {isa = PBXFileReference; lastKnownFileType = sourcecode.swift; path = HeaderView.swift; sourceTree = "<group>"; };
/* End PBXFileReference section */

/* Begin PBXFrameworksBuildPhase section */
		FB9AB2BC2A6D0602008BFCB7 /* Frameworks */ = {
			isa = PBXFrameworksBuildPhase;
			buildActionMask = 2147483647;
			files = (
			);
			runOnlyForDeploymentPostprocessing = 0;
		};
/* End PBXFrameworksBuildPhase section */

/* Begin PBXGroup section */
		FB9AB2B62A6D0602008BFCB7 = {
			isa = PBXGroup;
			children = (
				FB9AB2C12A6D0602008BFCB7 /* Avocado */,
				FB9AB2C02A6D0602008BFCB7 /* Products */,
			);
			sourceTree = "<group>";
		};
		FB9AB2C02A6D0602008BFCB7 /* Products */ = {
			isa = PBXGroup;
			children = (
				FB9AB2BF2A6D0602008BFCB7 /* Avocado.app */,
			);
			name = Products;
			sourceTree = "<group>";
		};
		FB9AB2C12A6D0602008BFCB7 /* Avocado */ = {
			isa = PBXGroup;
			children = (
				FBB0F6242A6FF871006CAE77 /* View */,
				FBB0F6232A6FF861006CAE77 /* Model */,
				FBB0F6212A6FF84F006CAE77 /* Data */,
				FB9AB2C22A6D0602008BFCB7 /* AvocadoApp.swift */,
				FB9AB2C62A6D0605008BFCB7 /* Assets.xcassets */,
				FB9AB2D12A6D07C5008BFCB7 /* LaunchScreen.storyboard */,
				FB9AB2C82A6D0605008BFCB7 /* Preview Content */,
			);
			path = Avocado;
			sourceTree = "<group>";
		};
		FB9AB2C82A6D0605008BFCB7 /* Preview Content */ = {
			isa = PBXGroup;
			children = (
				FB9AB2C92A6D0605008BFCB7 /* Preview Assets.xcassets */,
			);
			path = "Preview Content";
			sourceTree = "<group>";
		};
		FBB0F6212A6FF84F006CAE77 /* Data */ = {
			isa = PBXGroup;
			children = (
				FBA21EEA2A73BBDA00CADC36 /* HeaderData.swift */,
			);
			path = Data;
			sourceTree = "<group>";
		};
		FBB0F6232A6FF861006CAE77 /* Model */ = {
			isa = PBXGroup;
			children = (
				FBA21EE82A73BB9A00CADC36 /* HeaderModel.swift */,
			);
			path = Model;
			sourceTree = "<group>";
		};
		FBB0F6242A6FF871006CAE77 /* View */ = {
			isa = PBXGroup;
			children = (
				FBB0F62B2A6FFA8A006CAE77 /* AppView.swift */,
				FB9AB2C42A6D0602008BFCB7 /* ContentView.swift */,
				FBB0F6252A6FF8B1006CAE77 /* AvocadosView.swift */,
				FBB0F6272A6FF932006CAE77 /* RipeningStagesView.swift */,
				FBB0F6292A6FFA2D006CAE77 /* SettingsView.swift */,
				FBB0F62D2A70058B006CAE77 /* HeaderView.swift */,
				FBA21EEC2A73BFAE00CADC36 /* DishesView.swift */,
			);
			path = View;
			sourceTree = "<group>";
		};
/* End PBXGroup section */

/* Begin PBXNativeTarget section */
		FB9AB2BE2A6D0602008BFCB7 /* Avocado */ = {
			isa = PBXNativeTarget;
			buildConfigurationList = FB9AB2CD2A6D0605008BFCB7 /* Build configuration list for PBXNativeTarget "Avocado" */;
			buildPhases = (
				FB9AB2BB2A6D0602008BFCB7 /* Sources */,
				FB9AB2BC2A6D0602008BFCB7 /* Frameworks */,
				FB9AB2BD2A6D0602008BFCB7 /* Resources */,
			);
			buildRules = (
			);
			dependencies = (
			);
			name = Avocado;
			productName = Avocado;
			productReference = FB9AB2BF2A6D0602008BFCB7 /* Avocado.app */;
			productType = "com.apple.product-type.application";
		};
/* End PBXNativeTarget section */

/* Begin PBXProject section */
		FB9AB2B72A6D0602008BFCB7 /* Project object */ = {
			isa = PBXProject;
			attributes = {
				BuildIndependentTargetsInParallel = 1;
				LastSwiftUpdateCheck = 1430;
				LastUpgradeCheck = 1430;
				TargetAttributes = {
					FB9AB2BE2A6D0602008BFCB7 = {
						CreatedOnToolsVersion = 14.3;
					};
				};
			};
			buildConfigurationList = FB9AB2BA2A6D0602008BFCB7 /* Build configuration list for PBXProject "Avocado" */;
			compatibilityVersion = "Xcode 14.0";
			developmentRegion = en;
			hasScannedForEncodings = 0;
			knownRegions = (
				en,
				Base,
			);
			mainGroup = FB9AB2B62A6D0602008BFCB7;
			productRefGroup = FB9AB2C02A6D0602008BFCB7 /* Products */;
			projectDirPath = "";
			projectRoot = "";
			targets = (
				FB9AB2BE2A6D0602008BFCB7 /* Avocado */,
			);
		};
/* End PBXProject section */

/* Begin PBXResourcesBuildPhase section */
		FB9AB2BD2A6D0602008BFCB7 /* Resources */ = {
			isa = PBXResourcesBuildPhase;
			buildActionMask = 2147483647;
			files = (
				FB9AB2D22A6D07C5008BFCB7 /* LaunchScreen.storyboard in Resources */,
				FB9AB2CA2A6D0605008BFCB7 /* Preview Assets.xcassets in Resources */,
				FB9AB2C72A6D0605008BFCB7 /* Assets.xcassets in Resources */,
			);
			runOnlyForDeploymentPostprocessing = 0;
		};
/* End PBXResourcesBuildPhase section */

/* Begin PBXSourcesBuildPhase section */
		FB9AB2BB2A6D0602008BFCB7 /* Sources */ = {
			isa = PBXSourcesBuildPhase;
			buildActionMask = 2147483647;
			files = (
				FB9AB2C52A6D0602008BFCB7 /* ContentView.swift in Sources */,
				FBB0F62A2A6FFA2D006CAE77 /* SettingsView.swift in Sources */,
				FBB0F62C2A6FFA8A006CAE77 /* AppView.swift in Sources */,
				FBB0F6282A6FF932006CAE77 /* RipeningStagesView.swift in Sources */,
				FB9AB2C32A6D0602008BFCB7 /* AvocadoApp.swift in Sources */,
				FBB0F6262A6FF8B1006CAE77 /* AvocadosView.swift in Sources */,
				FBA21EE92A73BB9A00CADC36 /* HeaderModel.swift in Sources */,
				FBA21EEB2A73BBDA00CADC36 /* HeaderData.swift in Sources */,
				FBA21EED2A73BFAE00CADC36 /* DishesView.swift in Sources */,
				FBB0F62E2A70058B006CAE77 /* HeaderView.swift in Sources */,
			);
			runOnlyForDeploymentPostprocessing = 0;
		};
/* End PBXSourcesBuildPhase section */

/* Begin XCBuildConfiguration section */
		FB9AB2CB2A6D0605008BFCB7 /* Debug */ = {
			isa = XCBuildConfiguration;
			buildSettings = {
				ALWAYS_SEARCH_USER_PATHS = NO;
				CLANG_ANALYZER_NONNULL = YES;
				CLANG_ANALYZER_NUMBER_OBJECT_CONVERSION = YES_AGGRESSIVE;
				CLANG_CXX_LANGUAGE_STANDARD = "gnu++20";
				CLANG_ENABLE_MODULES = YES;
				CLANG_ENABLE_OBJC_ARC = YES;
				CLANG_ENABLE_OBJC_WEAK = YES;
				CLANG_WARN_BLOCK_CAPTURE_AUTORELEASING = YES;
				CLANG_WARN_BOOL_CONVERSION = YES;
				CLANG_WARN_COMMA = YES;
				CLANG_WARN_CONSTANT_CONVERSION = YES;
				CLANG_WARN_DEPRECATED_OBJC_IMPLEMENTATIONS = YES;
				CLANG_WARN_DIRECT_OBJC_ISA_USAGE = YES_ERROR;
				CLANG_WARN_DOCUMENTATION_COMMENTS = YES;
				CLANG_WARN_EMPTY_BODY = YES;
				CLANG_WARN_ENUM_CONVERSION = YES;
				CLANG_WARN_INFINITE_RECURSION = YES;
				CLANG_WARN_INT_CONVERSION = YES;
				CLANG_WARN_NON_LITERAL_NULL_CONVERSION = YES;
				CLANG_WARN_OBJC_IMPLICIT_RETAIN_SELF = YES;
				CLANG_WARN_OBJC_LITERAL_CONVERSION = YES;
				CLANG_WARN_OBJC_ROOT_CLASS = YES_ERROR;
				CLANG_WARN_QUOTED_INCLUDE_IN_FRAMEWORK_HEADER = YES;
				CLANG_WARN_RANGE_LOOP_ANALYSIS = YES;
				CLANG_WARN_STRICT_PROTOTYPES = YES;
				CLANG_WARN_SUSPICIOUS_MOVE = YES;
				CLANG_WARN_UNGUARDED_AVAILABILITY = YES_AGGRESSIVE;
				CLANG_WARN_UNREACHABLE_CODE = YES;
				CLANG_WARN__DUPLICATE_METHOD_MATCH = YES;
				COPY_PHASE_STRIP = NO;
				DEBUG_INFORMATION_FORMAT = dwarf;
				ENABLE_STRICT_OBJC_MSGSEND = YES;
				ENABLE_TESTABILITY = YES;
				GCC_C_LANGUAGE_STANDARD = gnu11;
				GCC_DYNAMIC_NO_PIC = NO;
				GCC_NO_COMMON_BLOCKS = YES;
				GCC_OPTIMIZATION_LEVEL = 0;
				GCC_PREPROCESSOR_DEFINITIONS = (
					"DEBUG=1",
					"$(inherited)",
				);
				GCC_WARN_64_TO_32_BIT_CONVERSION = YES;
				GCC_WARN_ABOUT_RETURN_TYPE = YES_ERROR;
				GCC_WARN_UNDECLARED_SELECTOR = YES;
				GCC_WARN_UNINITIALIZED_AUTOS = YES_AGGRESSIVE;
				GCC_WARN_UNUSED_FUNCTION = YES;
				GCC_WARN_UNUSED_VARIABLE = YES;
				IPHONEOS_DEPLOYMENT_TARGET = 14.0;
				MTL_ENABLE_DEBUG_INFO = INCLUDE_SOURCE;
				MTL_FAST_MATH = YES;
				ONLY_ACTIVE_ARCH = YES;
				SDKROOT = iphoneos;
				SWIFT_ACTIVE_COMPILATION_CONDITIONS = DEBUG;
				SWIFT_OPTIMIZATION_LEVEL = "-Onone";
			};
			name = Debug;
		};
		FB9AB2CC2A6D0605008BFCB7 /* Release */ = {
			isa = XCBuildConfiguration;
			buildSettings = {
				ALWAYS_SEARCH_USER_PATHS = NO;
				CLANG_ANALYZER_NONNULL = YES;
				CLANG_ANALYZER_NUMBER_OBJECT_CONVERSION = YES_AGGRESSIVE;
				CLANG_CXX_LANGUAGE_STANDARD = "gnu++20";
				CLANG_ENABLE_MODULES = YES;
				CLANG_ENABLE_OBJC_ARC = YES;
				CLANG_ENABLE_OBJC_WEAK = YES;
				CLANG_WARN_BLOCK_CAPTURE_AUTORELEASING = YES;
				CLANG_WARN_BOOL_CONVERSION = YES;
				CLANG_WARN_COMMA = YES;
				CLANG_WARN_CONSTANT_CONVERSION = YES;
				CLANG_WARN_DEPRECATED_OBJC_IMPLEMENTATIONS = YES;
				CLANG_WARN_DIRECT_OBJC_ISA_USAGE = YES_ERROR;
				CLANG_WARN_DOCUMENTATION_COMMENTS = YES;
				CLANG_WARN_EMPTY_BODY = YES;
				CLANG_WARN_ENUM_CONVERSION = YES;
				CLANG_WARN_INFINITE_RECURSION = YES;
				CLANG_WARN_INT_CONVERSION = YES;
				CLANG_WARN_NON_LITERAL_NULL_CONVERSION = YES;
				CLANG_WARN_OBJC_IMPLICIT_RETAIN_SELF = YES;
				CLANG_WARN_OBJC_LITERAL_CONVERSION = YES;
				CLANG_WARN_OBJC_ROOT_CLASS = YES_ERROR;
				CLANG_WARN_QUOTED_INCLUDE_IN_FRAMEWORK_HEADER = YES;
				CLANG_WARN_RANGE_LOOP_ANALYSIS = YES;
				CLANG_WARN_STRICT_PROTOTYPES = YES;
				CLANG_WARN_SUSPICIOUS_MOVE = YES;
				CLANG_WARN_UNGUARDED_AVAILABILITY = YES_AGGRESSIVE;
				CLANG_WARN_UNREACHABLE_CODE = YES;
				CLANG_WARN__DUPLICATE_METHOD_MATCH = YES;
				COPY_PHASE_STRIP = NO;
				DEBUG_INFORMATION_FORMAT = "dwarf-with-dsym";
				ENABLE_NS_ASSERTIONS = NO;
				ENABLE_STRICT_OBJC_MSGSEND = YES;
				GCC_C_LANGUAGE_STANDARD = gnu11;
				GCC_NO_COMMON_BLOCKS = YES;
				GCC_WARN_64_TO_32_BIT_CONVERSION = YES;
				GCC_WARN_ABOUT_RETURN_TYPE = YES_ERROR;
				GCC_WARN_UNDECLARED_SELECTOR = YES;
				GCC_WARN_UNINITIALIZED_AUTOS = YES_AGGRESSIVE;
				GCC_WARN_UNUSED_FUNCTION = YES;
				GCC_WARN_UNUSED_VARIABLE = YES;
				IPHONEOS_DEPLOYMENT_TARGET = 14.0;
				MTL_ENABLE_DEBUG_INFO = NO;
				MTL_FAST_MATH = YES;
				SDKROOT = iphoneos;
				SWIFT_COMPILATION_MODE = wholemodule;
				SWIFT_OPTIMIZATION_LEVEL = "-O";
				VALIDATE_PRODUCT = YES;
			};
			name = Release;
		};
		FB9AB2CE2A6D0605008BFCB7 /* Debug */ = {
			isa = XCBuildConfiguration;
			buildSettings = {
				ASSETCATALOG_COMPILER_APPICON_NAME = AppIcon;
				ASSETCATALOG_COMPILER_GLOBAL_ACCENT_COLOR_NAME = AccentColor;
				ASSETCATALOG_COMPILER_INCLUDE_ALL_APPICON_ASSETS = NO;
				CODE_SIGN_STYLE = Automatic;
				CURRENT_PROJECT_VERSION = 1;
				DEVELOPMENT_ASSET_PATHS = "\"Avocado/Preview Content\"";
				DEVELOPMENT_TEAM = 85JY49Q86S;
				ENABLE_PREVIEWS = YES;
				GENERATE_INFOPLIST_FILE = YES;
				INFOPLIST_FILE = Avocado/Info.plist;
				INFOPLIST_KEY_UIApplicationSceneManifest_Generation = YES;
				INFOPLIST_KEY_UIApplicationSupportsIndirectInputEvents = YES;
				INFOPLIST_KEY_UILaunchStoryboardName = LaunchScreen.storyboard;
				INFOPLIST_KEY_UISupportedInterfaceOrientations = UIInterfaceOrientationPortrait;
				INFOPLIST_KEY_UISupportedInterfaceOrientations_iPad = "UIInterfaceOrientationLandscapeLeft UIInterfaceOrientationLandscapeRight UIInterfaceOrientationPortrait UIInterfaceOrientationPortraitUpsideDown";
				IPHONEOS_DEPLOYMENT_TARGET = 14.0;
				LD_RUNPATH_SEARCH_PATHS = (
					"$(inherited)",
					"@executable_path/Frameworks",
				);
				MARKETING_VERSION = 1.0;
				PRODUCT_BUNDLE_IDENTIFIER = com.papon.Avocado;
				PRODUCT_NAME = "$(TARGET_NAME)";
				SWIFT_EMIT_LOC_STRINGS = YES;
				SWIFT_VERSION = 5.0;
				TARGETED_DEVICE_FAMILY = "1,2";
			};
			name = Debug;
		};
		FB9AB2CF2A6D0605008BFCB7 /* Release */ = {
			isa = XCBuildConfiguration;
			buildSettings = {
				ASSETCATALOG_COMPILER_APPICON_NAME = AppIcon;
				ASSETCATALOG_COMPILER_GLOBAL_ACCENT_COLOR_NAME = AccentColor;
				ASSETCATALOG_COMPILER_INCLUDE_ALL_APPICON_ASSETS = NO;
				CODE_SIGN_STYLE = Automatic;
				CURRENT_PROJECT_VERSION = 1;
				DEVELOPMENT_ASSET_PATHS = "\"Avocado/Preview Content\"";
				DEVELOPMENT_TEAM = 85JY49Q86S;
				ENABLE_PREVIEWS = YES;
				GENERATE_INFOPLIST_FILE = YES;
				INFOPLIST_FILE = Avocado/Info.plist;
				INFOPLIST_KEY_UIApplicationSceneManifest_Generation = YES;
				INFOPLIST_KEY_UIApplicationSupportsIndirectInputEvents = YES;
				INFOPLIST_KEY_UILaunchStoryboardName = LaunchScreen.storyboard;
				INFOPLIST_KEY_UISupportedInterfaceOrientations = UIInterfaceOrientationPortrait;
				INFOPLIST_KEY_UISupportedInterfaceOrientations_iPad = "UIInterfaceOrientationLandscapeLeft UIInterfaceOrientationLandscapeRight UIInterfaceOrientationPortrait UIInterfaceOrientationPortraitUpsideDown";
				IPHONEOS_DEPLOYMENT_TARGET = 14.0;
				LD_RUNPATH_SEARCH_PATHS = (
					"$(inherited)",
					"@executable_path/Frameworks",
				);
				MARKETING_VERSION = 1.0;
				PRODUCT_BUNDLE_IDENTIFIER = com.papon.Avocado;
				PRODUCT_NAME = "$(TARGET_NAME)";
				SWIFT_EMIT_LOC_STRINGS = YES;
				SWIFT_VERSION = 5.0;
				TARGETED_DEVICE_FAMILY = "1,2";
			};
			name = Release;
		};
/* End XCBuildConfiguration section */

/* Begin XCConfigurationList section */
		FB9AB2BA2A6D0602008BFCB7 /* Build configuration list for PBXProject "Avocado" */ = {
			isa = XCConfigurationList;
			buildConfigurations = (
				FB9AB2CB2A6D0605008BFCB7 /* Debug */,
				FB9AB2CC2A6D0605008BFCB7 /* Release */,
			);
			defaultConfigurationIsVisible = 0;
			defaultConfigurationName = Release;
		};
		FB9AB2CD2A6D0605008BFCB7 /* Build configuration list for PBXNativeTarget "Avocado" */ = {
			isa = XCConfigurationList;
			buildConfigurations = (
				FB9AB2CE2A6D0605008BFCB7 /* Debug */,
				FB9AB2CF2A6D0605008BFCB7 /* Release */,
			);
			defaultConfigurationIsVisible = 0;
			defaultConfigurationName = Release;
		};
/* End XCConfigurationList section */
	};
	rootObject = FB9AB2B72A6D0602008BFCB7 /* Project object */;
}
